
Microsoft Visual Studio Solution File, Format Version 12.00
# Visual Studio Version 17
VisualStudioVersion = 17.7.34024.191
MinimumVisualStudioVersion = 10.0.40219.1
Project("{FAE04EC0-301F-11D3-BF4B-00C04F79EFBC}") = "GitHubAudioProject", "GitHubAudioProject.csproj", "{141F330F-D17D-468F-BCEF-0AA76D01E895}"
EndProject
Global
	GlobalSection(SolutionConfigurationPlatforms) = preSolution
		Debug|Any CPU = Debug|Any CPU
		Release|Any CPU = Release|Any CPU
	EndGlobalSection
	GlobalSection(ProjectConfigurationPlatforms) = postSolution
		{141F330F-D17D-468F-BCEF-0AA76D01E895}.Debug|Any CPU.ActiveCfg = Debug|Any CPU
		{141F330F-D17D-468F-BCEF-0AA76D01E895}.Debug|Any CPU.Build.0 = Debug|Any CPU
		{141F330F-D17D-468F-BCEF-0AA76D01E895}.Release|Any CPU.ActiveCfg = Release|Any CPU
		{141F330F-D17D-468F-BCEF-0AA76D01E895}.Release|Any CPU.Build.0 = Release|Any CPU
	EndGlobalSection
	GlobalSection(SolutionProperties) = preSolution
		HideSolutionNode = FALSE
	EndGlobalSection
	GlobalSection(ExtensibilityGlobals) = postSolution
		SolutionGuid = {16C5C729-BB69-48F1-92AF-45583F796CB2}
	EndGlobalSection
EndGlobal
